// !$*UTF8*$!
{
	archiveVersion = 1;
	classes = {
	};
	objectVersion = 50;
	objects = {

/* Begin PBXBuildFile section */
		3717556120AC688200DDEF66 /* Settings.swift in Sources */ = {isa = PBXBuildFile; fileRef = 3717556020AC688200DDEF66 /* Settings.swift */; };
		376CEA6020A9A6F500F11FE4 /* AppDelegate.swift in Sources */ = {isa = PBXBuildFile; fileRef = 376CEA5F20A9A6F500F11FE4 /* AppDelegate.swift */; };
		376CEA6220A9A6F500F11FE4 /* ViewController.swift in Sources */ = {isa = PBXBuildFile; fileRef = 376CEA6120A9A6F500F11FE4 /* ViewController.swift */; };
		376CEA6520A9A6F500F11FE4 /* Main.storyboard in Resources */ = {isa = PBXBuildFile; fileRef = 376CEA6320A9A6F500F11FE4 /* Main.storyboard */; };
		376CEA6720A9A6F600F11FE4 /* Assets.xcassets in Resources */ = {isa = PBXBuildFile; fileRef = 376CEA6620A9A6F600F11FE4 /* Assets.xcassets */; };
		376CEA6A20A9A6F600F11FE4 /* LaunchScreen.storyboard in Resources */ = {isa = PBXBuildFile; fileRef = 376CEA6820A9A6F600F11FE4 /* LaunchScreen.storyboard */; };
		376CEA7820A9C66D00F11FE4 /* AVAudioUnitDistortionEffect.swift in Sources */ = {isa = PBXBuildFile; fileRef = 376CEA7220A9C66C00F11FE4 /* AVAudioUnitDistortionEffect.swift */; };
		376CEA7920A9C66D00F11FE4 /* AVAudioUnitMIDISynth.swift in Sources */ = {isa = PBXBuildFile; fileRef = 376CEA7320A9C66C00F11FE4 /* AVAudioUnitMIDISynth.swift */; };
		376CEA7A20A9C66D00F11FE4 /* AudioUtils.swift in Sources */ = {isa = PBXBuildFile; fileRef = 376CEA7420A9C66C00F11FE4 /* AudioUtils.swift */; };
		376CEA7B20A9C66D00F11FE4 /* gs_instruments.dls in Resources */ = {isa = PBXBuildFile; fileRef = 376CEA7520A9C66C00F11FE4 /* gs_instruments.dls */; };
		376CEA7C20A9C66D00F11FE4 /* AudioUnitMIDISynth.swift in Sources */ = {isa = PBXBuildFile; fileRef = 376CEA7620A9C66C00F11FE4 /* AudioUnitMIDISynth.swift */; };
		376CEA7D20A9C66D00F11FE4 /* SynthSequence.swift in Sources */ = {isa = PBXBuildFile; fileRef = 376CEA7720A9C66C00F11FE4 /* SynthSequence.swift */; };
		376CEA7F20A9C7EA00F11FE4 /* GlobalVar.swift in Sources */ = {isa = PBXBuildFile; fileRef = 376CEA7E20A9C7EA00F11FE4 /* GlobalVar.swift */; };
/* End PBXBuildFile section */

/* Begin PBXFileReference section */
		3717556020AC688200DDEF66 /* Settings.swift */ = {isa = PBXFileReference; lastKnownFileType = sourcecode.swift; path = Settings.swift; sourceTree = "<group>"; };
		376CEA5C20A9A6F500F11FE4 /* GuitarChordBuilder.app */ = {isa = PBXFileReference; explicitFileType = wrapper.application; includeInIndex = 0; path = GuitarChordBuilder.app; sourceTree = BUILT_PRODUCTS_DIR; };
		376CEA5F20A9A6F500F11FE4 /* AppDelegate.swift */ = {isa = PBXFileReference; lastKnownFileType = sourcecode.swift; path = AppDelegate.swift; sourceTree = "<group>"; };
		376CEA6120A9A6F500F11FE4 /* ViewController.swift */ = {isa = PBXFileReference; lastKnownFileType = sourcecode.swift; path = ViewController.swift; sourceTree = "<group>"; };
		376CEA6420A9A6F500F11FE4 /* Base */ = {isa = PBXFileReference; lastKnownFileType = file.storyboard; name = Base; path = Base.lproj/Main.storyboard; sourceTree = "<group>"; };
		376CEA6620A9A6F600F11FE4 /* Assets.xcassets */ = {isa = PBXFileReference; lastKnownFileType = folder.assetcatalog; path = Assets.xcassets; sourceTree = "<group>"; };
		376CEA6920A9A6F600F11FE4 /* Base */ = {isa = PBXFileReference; lastKnownFileType = file.storyboard; name = Base; path = Base.lproj/LaunchScreen.storyboard; sourceTree = "<group>"; };
		376CEA6B20A9A6F600F11FE4 /* Info.plist */ = {isa = PBXFileReference; lastKnownFileType = text.plist.xml; path = Info.plist; sourceTree = "<group>"; };
		376CEA7220A9C66C00F11FE4 /* AVAudioUnitDistortionEffect.swift */ = {isa = PBXFileReference; fileEncoding = 4; lastKnownFileType = sourcecode.swift; path = AVAudioUnitDistortionEffect.swift; sourceTree = "<group>"; };
		376CEA7320A9C66C00F11FE4 /* AVAudioUnitMIDISynth.swift */ = {isa = PBXFileReference; fileEncoding = 4; lastKnownFileType = sourcecode.swift; path = AVAudioUnitMIDISynth.swift; sourceTree = "<group>"; };
		376CEA7420A9C66C00F11FE4 /* AudioUtils.swift */ = {isa = PBXFileReference; fileEncoding = 4; lastKnownFileType = sourcecode.swift; path = AudioUtils.swift; sourceTree = "<group>"; };
		376CEA7520A9C66C00F11FE4 /* gs_instruments.dls */ = {isa = PBXFileReference; lastKnownFileType = file; path = gs_instruments.dls; sourceTree = "<group>"; };
		376CEA7620A9C66C00F11FE4 /* AudioUnitMIDISynth.swift */ = {isa = PBXFileReference; fileEncoding = 4; lastKnownFileType = sourcecode.swift; path = AudioUnitMIDISynth.swift; sourceTree = "<group>"; };
		376CEA7720A9C66C00F11FE4 /* SynthSequence.swift */ = {isa = PBXFileReference; fileEncoding = 4; lastKnownFileType = sourcecode.swift; path = SynthSequence.swift; sourceTree = "<group>"; };
		376CEA7E20A9C7EA00F11FE4 /* GlobalVar.swift */ = {isa = PBXFileReference; fileEncoding = 4; lastKnownFileType = sourcecode.swift; path = GlobalVar.swift; sourceTree = "<group>"; };
/* End PBXFileReference section */

/* Begin PBXFrameworksBuildPhase section */
		376CEA5920A9A6F500F11FE4 /* Frameworks */ = {
			isa = PBXFrameworksBuildPhase;
			buildActionMask = 2147483647;
			files = (
			);
			runOnlyForDeploymentPostprocessing = 0;
		};
/* End PBXFrameworksBuildPhase section */

/* Begin PBXGroup section */
		376CEA5320A9A6F500F11FE4 = {
			isa = PBXGroup;
			children = (
				376CEA5E20A9A6F500F11FE4 /* GuitarChordBuilder */,
				376CEA5D20A9A6F500F11FE4 /* Products */,
			);
			sourceTree = "<group>";
		};
		376CEA5D20A9A6F500F11FE4 /* Products */ = {
			isa = PBXGroup;
			children = (
				376CEA5C20A9A6F500F11FE4 /* GuitarChordBuilder.app */,
			);
			name = Products;
			sourceTree = "<group>";
		};
		376CEA5E20A9A6F500F11FE4 /* GuitarChordBuilder */ = {
			isa = PBXGroup;
			children = (
				376CEA7120A9C63B00F11FE4 /* FromOutside */,
				376CEA5F20A9A6F500F11FE4 /* AppDelegate.swift */,
				376CEA7E20A9C7EA00F11FE4 /* GlobalVar.swift */,
				376CEA6120A9A6F500F11FE4 /* ViewController.swift */,
				376CEA6320A9A6F500F11FE4 /* Main.storyboard */,
				3717556020AC688200DDEF66 /* Settings.swift */,
				376CEA6620A9A6F600F11FE4 /* Assets.xcassets */,
				376CEA6820A9A6F600F11FE4 /* LaunchScreen.storyboard */,
				376CEA6B20A9A6F600F11FE4 /* Info.plist */,
			);
			path = GuitarChordBuilder;
			sourceTree = "<group>";
		};
		376CEA7120A9C63B00F11FE4 /* FromOutside */ = {
			isa = PBXGroup;
			children = (
				376CEA7620A9C66C00F11FE4 /* AudioUnitMIDISynth.swift */,
				376CEA7420A9C66C00F11FE4 /* AudioUtils.swift */,
				376CEA7220A9C66C00F11FE4 /* AVAudioUnitDistortionEffect.swift */,
				376CEA7320A9C66C00F11FE4 /* AVAudioUnitMIDISynth.swift */,
				376CEA7520A9C66C00F11FE4 /* gs_instruments.dls */,
				376CEA7720A9C66C00F11FE4 /* SynthSequence.swift */,
			);
			path = FromOutside;
			sourceTree = "<group>";
		};
/* End PBXGroup section */

/* Begin PBXNativeTarget section */
		376CEA5B20A9A6F500F11FE4 /* GuitarChordBuilder */ = {
			isa = PBXNativeTarget;
			buildConfigurationList = 376CEA6E20A9A6F600F11FE4 /* Build configuration list for PBXNativeTarget "GuitarChordBuilder" */;
			buildPhases = (
				376CEA5820A9A6F500F11FE4 /* Sources */,
				376CEA5920A9A6F500F11FE4 /* Frameworks */,
				376CEA5A20A9A6F500F11FE4 /* Resources */,
			);
			buildRules = (
			);
			dependencies = (
			);
			name = GuitarChordBuilder;
			productName = GuitarChordBuilder;
			productReference = 376CEA5C20A9A6F500F11FE4 /* GuitarChordBuilder.app */;
			productType = "com.apple.product-type.application";
		};
/* End PBXNativeTarget section */

/* Begin PBXProject section */
		376CEA5420A9A6F500F11FE4 /* Project object */ = {
			isa = PBXProject;
			attributes = {
				LastSwiftUpdateCheck = 0930;
				LastUpgradeCheck = 0930;
				ORGANIZATIONNAME = "Nicolas Klarsfeld";
				TargetAttributes = {
					376CEA5B20A9A6F500F11FE4 = {
						CreatedOnToolsVersion = 9.3;
					};
				};
			};
			buildConfigurationList = 376CEA5720A9A6F500F11FE4 /* Build configuration list for PBXProject "GuitarChordBuilder" */;
			compatibilityVersion = "Xcode 9.3";
			developmentRegion = en;
			hasScannedForEncodings = 0;
			knownRegions = (
				en,
				Base,
			);
			mainGroup = 376CEA5320A9A6F500F11FE4;
			productRefGroup = 376CEA5D20A9A6F500F11FE4 /* Products */;
			projectDirPath = "";
			projectRoot = "";
			targets = (
				376CEA5B20A9A6F500F11FE4 /* GuitarChordBuilder */,
			);
		};
/* End PBXProject section */

/* Begin PBXResourcesBuildPhase section */
		376CEA5A20A9A6F500F11FE4 /* Resources */ = {
			isa = PBXResourcesBuildPhase;
			buildActionMask = 2147483647;
			files = (
				376CEA7B20A9C66D00F11FE4 /* gs_instruments.dls in Resources */,
				376CEA6A20A9A6F600F11FE4 /* LaunchScreen.storyboard in Resources */,
				376CEA6720A9A6F600F11FE4 /* Assets.xcassets in Resources */,
				376CEA6520A9A6F500F11FE4 /* Main.storyboard in Resources */,
			);
			runOnlyForDeploymentPostprocessing = 0;
		};
/* End PBXResourcesBuildPhase section */

/* Begin PBXSourcesBuildPhase section */
		376CEA5820A9A6F500F11FE4 /* Sources */ = {
			isa = PBXSourcesBuildPhase;
			buildActionMask = 2147483647;
			files = (
				376CEA7C20A9C66D00F11FE4 /* AudioUnitMIDISynth.swift in Sources */,
				376CEA7A20A9C66D00F11FE4 /* AudioUtils.swift in Sources */,
				376CEA7820A9C66D00F11FE4 /* AVAudioUnitDistortionEffect.swift in Sources */,
				376CEA7D20A9C66D00F11FE4 /* SynthSequence.swift in Sources */,
				376CEA7F20A9C7EA00F11FE4 /* GlobalVar.swift in Sources */,
				376CEA6220A9A6F500F11FE4 /* ViewController.swift in Sources */,
				3717556120AC688200DDEF66 /* Settings.swift in Sources */,
				376CEA6020A9A6F500F11FE4 /* AppDelegate.swift in Sources */,
				376CEA7920A9C66D00F11FE4 /* AVAudioUnitMIDISynth.swift in Sources */,
			);
			runOnlyForDeploymentPostprocessing = 0;
		};
/* End PBXSourcesBuildPhase section */

/* Begin PBXVariantGroup section */
		376CEA6320A9A6F500F11FE4 /* Main.storyboard */ = {
			isa = PBXVariantGroup;
			children = (
				376CEA6420A9A6F500F11FE4 /* Base */,
			);
			name = Main.storyboard;
			sourceTree = "<group>";
		};
		376CEA6820A9A6F600F11FE4 /* LaunchScreen.storyboard */ = {
			isa = PBXVariantGroup;
			children = (
				376CEA6920A9A6F600F11FE4 /* Base */,
			);
			name = LaunchScreen.storyboard;
			sourceTree = "<group>";
		};
/* End PBXVariantGroup section */

/* Begin XCBuildConfiguration section */
		376CEA6C20A9A6F600F11FE4 /* Debug */ = {
			isa = XCBuildConfiguration;
			buildSettings = {
				ALWAYS_SEARCH_USER_PATHS = NO;
				CLANG_ANALYZER_NONNULL = YES;
				CLANG_ANALYZER_NUMBER_OBJECT_CONVERSION = YES_AGGRESSIVE;
				CLANG_CXX_LANGUAGE_STANDARD = "gnu++14";
				CLANG_CXX_LIBRARY = "libc++";
				CLANG_ENABLE_MODULES = YES;
				CLANG_ENABLE_OBJC_ARC = YES;
				CLANG_ENABLE_OBJC_WEAK = YES;
				CLANG_WARN_BLOCK_CAPTURE_AUTORELEASING = YES;
				CLANG_WARN_BOOL_CONVERSION = YES;
				CLANG_WARN_COMMA = YES;
				CLANG_WARN_CONSTANT_CONVERSION = YES;
				CLANG_WARN_DEPRECATED_OBJC_IMPLEMENTATIONS = YES;
				CLANG_WARN_DIRECT_OBJC_ISA_USAGE = YES_ERROR;
				CLANG_WARN_DOCUMENTATION_COMMENTS = YES;
				CLANG_WARN_EMPTY_BODY = YES;
				CLANG_WARN_ENUM_CONVERSION = YES;
				CLANG_WARN_INFINITE_RECURSION = YES;
				CLANG_WARN_INT_CONVERSION = YES;
				CLANG_WARN_NON_LITERAL_NULL_CONVERSION = YES;
				CLANG_WARN_OBJC_IMPLICIT_RETAIN_SELF = YES;
				CLANG_WARN_OBJC_LITERAL_CONVERSION = YES;
				CLANG_WARN_OBJC_ROOT_CLASS = YES_ERROR;
				CLANG_WARN_RANGE_LOOP_ANALYSIS = YES;
				CLANG_WARN_STRICT_PROTOTYPES = YES;
				CLANG_WARN_SUSPICIOUS_MOVE = YES;
				CLANG_WARN_UNGUARDED_AVAILABILITY = YES_AGGRESSIVE;
				CLANG_WARN_UNREACHABLE_CODE = YES;
				CLANG_WARN__DUPLICATE_METHOD_MATCH = YES;
				CODE_SIGN_IDENTITY = "iPhone Developer";
				COPY_PHASE_STRIP = NO;
				DEBUG_INFORMATION_FORMAT = dwarf;
				ENABLE_STRICT_OBJC_MSGSEND = YES;
				ENABLE_TESTABILITY = YES;
				GCC_C_LANGUAGE_STANDARD = gnu11;
				GCC_DYNAMIC_NO_PIC = NO;
				GCC_NO_COMMON_BLOCKS = YES;
				GCC_OPTIMIZATION_LEVEL = 0;
				GCC_PREPROCESSOR_DEFINITIONS = (
					"DEBUG=1",
					"$(inherited)",
				);
				GCC_WARN_64_TO_32_BIT_CONVERSION = YES;
				GCC_WARN_ABOUT_RETURN_TYPE = YES_ERROR;
				GCC_WARN_UNDECLARED_SELECTOR = YES;
				GCC_WARN_UNINITIALIZED_AUTOS = YES_AGGRESSIVE;
				GCC_WARN_UNUSED_FUNCTION = YES;
				GCC_WARN_UNUSED_VARIABLE = YES;
				IPHONEOS_DEPLOYMENT_TARGET = 11.3;
				MTL_ENABLE_DEBUG_INFO = YES;
				ONLY_ACTIVE_ARCH = YES;
				SDKROOT = iphoneos;
				SWIFT_ACTIVE_COMPILATION_CONDITIONS = DEBUG;
				SWIFT_OPTIMIZATION_LEVEL = "-Onone";
			};
			name = Debug;
		};
		376CEA6D20A9A6F600F11FE4 /* Release */ = {
			isa = XCBuildConfiguration;
			buildSettings = {
				ALWAYS_SEARCH_USER_PATHS = NO;
				CLANG_ANALYZER_NONNULL = YES;
				CLANG_ANALYZER_NUMBER_OBJECT_CONVERSION = YES_AGGRESSIVE;
				CLANG_CXX_LANGUAGE_STANDARD = "gnu++14";
				CLANG_CXX_LIBRARY = "libc++";
				CLANG_ENABLE_MODULES = YES;
				CLANG_ENABLE_OBJC_ARC = YES;
				CLANG_ENABLE_OBJC_WEAK = YES;
				CLANG_WARN_BLOCK_CAPTURE_AUTORELEASING = YES;
				CLANG_WARN_BOOL_CONVERSION = YES;
				CLANG_WARN_COMMA = YES;
				CLANG_WARN_CONSTANT_CONVERSION = YES;
				CLANG_WARN_DEPRECATED_OBJC_IMPLEMENTATIONS = YES;
				CLANG_WARN_DIRECT_OBJC_ISA_USAGE = YES_ERROR;
				CLANG_WARN_DOCUMENTATION_COMMENTS = YES;
				CLANG_WARN_EMPTY_BODY = YES;
				CLANG_WARN_ENUM_CONVERSION = YES;
				CLANG_WARN_INFINITE_RECURSION = YES;
				CLANG_WARN_INT_CONVERSION = YES;
				CLANG_WARN_NON_LITERAL_NULL_CONVERSION = YES;
				CLANG_WARN_OBJC_IMPLICIT_RETAIN_SELF = YES;
				CLANG_WARN_OBJC_LITERAL_CONVERSION = YES;
				CLANG_WARN_OBJC_ROOT_CLASS = YES_ERROR;
				CLANG_WARN_RANGE_LOOP_ANALYSIS = YES;
				CLANG_WARN_STRICT_PROTOTYPES = YES;
				CLANG_WARN_SUSPICIOUS_MOVE = YES;
				CLANG_WARN_UNGUARDED_AVAILABILITY = YES_AGGRESSIVE;
				CLANG_WARN_UNREACHABLE_CODE = YES;
				CLANG_WARN__DUPLICATE_METHOD_MATCH = YES;
				CODE_SIGN_IDENTITY = "iPhone Developer";
				COPY_PHASE_STRIP = NO;
				DEBUG_INFORMATION_FORMAT = "dwarf-with-dsym";
				ENABLE_NS_ASSERTIONS = NO;
				ENABLE_STRICT_OBJC_MSGSEND = YES;
				GCC_C_LANGUAGE_STANDARD = gnu11;
				GCC_NO_COMMON_BLOCKS = YES;
				GCC_WARN_64_TO_32_BIT_CONVERSION = YES;
				GCC_WARN_ABOUT_RETURN_TYPE = YES_ERROR;
				GCC_WARN_UNDECLARED_SELECTOR = YES;
				GCC_WARN_UNINITIALIZED_AUTOS = YES_AGGRESSIVE;
				GCC_WARN_UNUSED_FUNCTION = YES;
				GCC_WARN_UNUSED_VARIABLE = YES;
				IPHONEOS_DEPLOYMENT_TARGET = 11.3;
				MTL_ENABLE_DEBUG_INFO = NO;
				SDKROOT = iphoneos;
				SWIFT_COMPILATION_MODE = wholemodule;
				SWIFT_OPTIMIZATION_LEVEL = "-O";
				VALIDATE_PRODUCT = YES;
			};
			name = Release;
		};
		376CEA6F20A9A6F600F11FE4 /* Debug */ = {
			isa = XCBuildConfiguration;
			buildSettings = {
				ASSETCATALOG_COMPILER_APPICON_NAME = AppIcon;
				CODE_SIGN_STYLE = Automatic;
				DEVELOPMENT_TEAM = BYQXG5B873;
				INFOPLIST_FILE = GuitarChordBuilder/Info.plist;
				IPHONEOS_DEPLOYMENT_TARGET = 10.0;
				LD_RUNPATH_SEARCH_PATHS = (
					"$(inherited)",
					"@executable_path/Frameworks",
				);
				PRODUCT_BUNDLE_IDENTIFIER = com.nicokla.GuitarChordBuilder;
				PRODUCT_NAME = "$(TARGET_NAME)";
				SWIFT_VERSION = 4.0;
				TARGETED_DEVICE_FAMILY = "1,2";
			};
			name = Debug;
		};
		376CEA7020A9A6F600F11FE4 /* Release */ = {
			isa = XCBuildConfiguration;
			buildSettings = {
				ASSETCATALOG_COMPILER_APPICON_NAME = AppIcon;
				CODE_SIGN_STYLE = Automatic;
				DEVELOPMENT_TEAM = BYQXG5B873;
				INFOPLIST_FILE = GuitarChordBuilder/Info.plist;
				IPHONEOS_DEPLOYMENT_TARGET = 10.0;
				LD_RUNPATH_SEARCH_PATHS = (
					"$(inherited)",
					"@executable_path/Frameworks",
				);
				PRODUCT_BUNDLE_IDENTIFIER = com.nicokla.GuitarChordBuilder;
				PRODUCT_NAME = "$(TARGET_NAME)";
				SWIFT_VERSION = 4.0;
				TARGETED_DEVICE_FAMILY = "1,2";
			};
			name = Release;
		};
/* End XCBuildConfiguration section */

/* Begin XCConfigurationList section */
		376CEA5720A9A6F500F11FE4 /* Build configuration list for PBXProject "GuitarChordBuilder" */ = {
			isa = XCConfigurationList;
			buildConfigurations = (
				376CEA6C20A9A6F600F11FE4 /* Debug */,
				376CEA6D20A9A6F600F11FE4 /* Release */,
			);
			defaultConfigurationIsVisible = 0;
			defaultConfigurationName = Release;
		};
		376CEA6E20A9A6F600F11FE4 /* Build configuration list for PBXNativeTarget "GuitarChordBuilder" */ = {
			isa = XCConfigurationList;
			buildConfigurations = (
				376CEA6F20A9A6F600F11FE4 /* Debug */,
				376CEA7020A9A6F600F11FE4 /* Release */,
			);
			defaultConfigurationIsVisible = 0;
			defaultConfigurationName = Release;
		};
/* End XCConfigurationList section */
	};
	rootObject = 376CEA5420A9A6F500F11FE4 /* Project object */;
}
